
Microsoft Visual Studio Solution File, Format Version 12.00
# Visual Studio 2012
Project("{FAE04EC0-301F-11D3-BF4B-00C04F79EFBC}") = "ExcelDataReader", "ExcelDataReader.csproj", "{29E3AD8F-4ED7-436B-875E-50382F8D725B}"
EndProject
Global
	GlobalSection(SolutionConfigurationPlatforms) = preSolution
		Debug|x86 = Debug|x86
		Release|x86 = Release|x86
	EndGlobalSection
	GlobalSection(ProjectConfigurationPlatforms) = postSolution
		{29E3AD8F-4ED7-436B-875E-50382F8D725B}.Debug|x86.ActiveCfg = Debug|x86
		{29E3AD8F-4ED7-436B-875E-50382F8D725B}.Debug|x86.Build.0 = Debug|x86
		{29E3AD8F-4ED7-436B-875E-50382F8D725B}.Release|x86.ActiveCfg = Release|x86
		{29E3AD8F-4ED7-436B-875E-50382F8D725B}.Release|x86.Build.0 = Release|x86
	EndGlobalSection
EndGlobal
